
Microsoft Visual Studio Solution File, Format Version 12.00
# Visual Studio Version 17
VisualStudioVersion = 17.14.37111.16 d17.14
MinimumVisualStudioVersion = 10.0.40219.1
Project("{FAE04EC0-301F-11D3-BF4B-00C04F79EFBC}") = "lab7", "lab7\lab7.csproj", "{A0822A2F-E27C-40C3-A37B-F74E2A8818E4}"
EndProject
Global
	GlobalSection(SolutionConfigurationPlatforms) = preSolution
		Debug|Any CPU = Debug|Any CPU
		Release|Any CPU = Release|Any CPU
	EndGlobalSection
	GlobalSection(ProjectConfigurationPlatforms) = postSolution
		{A0822A2F-E27C-40C3-A37B-F74E2A8818E4}.Debug|Any CPU.ActiveCfg = Debug|Any CPU
		{A0822A2F-E27C-40C3-A37B-F74E2A8818E4}.Debug|Any CPU.Build.0 = Debug|Any CPU
		{A0822A2F-E27C-40C3-A37B-F74E2A8818E4}.Release|Any CPU.ActiveCfg = Release|Any CPU
		{A0822A2F-E27C-40C3-A37B-F74E2A8818E4}.Release|Any CPU.Build.0 = Release|Any CPU
	EndGlobalSection
	GlobalSection(SolutionProperties) = preSolution
		HideSolutionNode = FALSE
	EndGlobalSection
	GlobalSection(ExtensibilityGlobals) = postSolution
		SolutionGuid = {AB55306C-6AB9-4E89-8915-55DFBA3D572E}
	EndGlobalSection
EndGlobal
